// !$*UTF8*$!
{
	archiveVersion = 1;
	classes = {
	};
	objectVersion = 48;
	objects = {

/* Begin PBXBuildFile section */
		12CBE1DABF36DC366DBDB359 /* Pods_HotpotTests.framework in Frameworks */ = {isa = PBXBuildFile; fileRef = DBC7921D7DE8FC509538F875 /* Pods_HotpotTests.framework */; };
		5226DD4D2076EC0700F4BEFD /* SWRevealViewController.m in Sources */ = {isa = PBXBuildFile; fileRef = 5226DD4C2076EC0700F4BEFD /* SWRevealViewController.m */; };
		526BF24F20449FBD0052BC19 /* AppDelegate.swift in Sources */ = {isa = PBXBuildFile; fileRef = 526BF24E20449FBD0052BC19 /* AppDelegate.swift */; };
		526BF25420449FBD0052BC19 /* Main.storyboard in Resources */ = {isa = PBXBuildFile; fileRef = 526BF25220449FBD0052BC19 /* Main.storyboard */; };
		526BF25620449FBD0052BC19 /* Assets.xcassets in Resources */ = {isa = PBXBuildFile; fileRef = 526BF25520449FBD0052BC19 /* Assets.xcassets */; };
		526BF25920449FBD0052BC19 /* LaunchScreen.storyboard in Resources */ = {isa = PBXBuildFile; fileRef = 526BF25720449FBD0052BC19 /* LaunchScreen.storyboard */; };
		526BF26420449FBE0052BC19 /* HotpotTests.swift in Sources */ = {isa = PBXBuildFile; fileRef = 526BF26320449FBE0052BC19 /* HotpotTests.swift */; };
		52BC1B90205EF24B00EAAA15 /* rawpixel-com-570908-unsplash.jpg in Resources */ = {isa = PBXBuildFile; fileRef = F50130AE205EDBB100CF7350 /* rawpixel-com-570908-unsplash.jpg */; };
		796A62D3205F47930003B5E9 /* PopOverViewController.swift in Sources */ = {isa = PBXBuildFile; fileRef = 796A62D2205F47930003B5E9 /* PopOverViewController.swift */; };
		79734A2A2072BCC7003A5C5E /* AddNotesViewController.swift in Sources */ = {isa = PBXBuildFile; fileRef = 79734A292072BCC7003A5C5E /* AddNotesViewController.swift */; };
		79734A2B2072BE91003A5C5E /* Model.xcdatamodeld in Sources */ = {isa = PBXBuildFile; fileRef = 79734A262072B6CE003A5C5E /* Model.xcdatamodeld */; };
		79734A302075A189003A5C5E /* ViewController.swift in Sources */ = {isa = PBXBuildFile; fileRef = 79734A2F2075A189003A5C5E /* ViewController.swift */; };
		79734A332075B13C003A5C5E /* CoreDataHandler.swift in Sources */ = {isa = PBXBuildFile; fileRef = 79734A322075B13C003A5C5E /* CoreDataHandler.swift */; };
		D1D1BCD8DB1100B83CE516D3 /* Pods_Hotpot.framework in Frameworks */ = {isa = PBXBuildFile; fileRef = 6CBBEFA463EC4D7A4D9CDD71 /* Pods_Hotpot.framework */; };
/* End PBXBuildFile section */

/* Begin PBXContainerItemProxy section */
		526BF26020449FBE0052BC19 /* PBXContainerItemProxy */ = {
			isa = PBXContainerItemProxy;
			containerPortal = 526BF24320449FBD0052BC19 /* Project object */;
			proxyType = 1;
			remoteGlobalIDString = 526BF24A20449FBD0052BC19;
			remoteInfo = Hotpot;
		};
/* End PBXContainerItemProxy section */

/* Begin PBXFileReference section */
		05CA77A5B7781D982A2044BC /* Pods-Hotpot.release.xcconfig */ = {isa = PBXFileReference; includeInIndex = 1; lastKnownFileType = text.xcconfig; name = "Pods-Hotpot.release.xcconfig"; path = "Pods/Target Support Files/Pods-Hotpot/Pods-Hotpot.release.xcconfig"; sourceTree = "<group>"; };
		4AD32A8A3233353F0BBF8F58 /* Pods-Hotpot.debug.xcconfig */ = {isa = PBXFileReference; includeInIndex = 1; lastKnownFileType = text.xcconfig; name = "Pods-Hotpot.debug.xcconfig"; path = "Pods/Target Support Files/Pods-Hotpot/Pods-Hotpot.debug.xcconfig"; sourceTree = "<group>"; };
		5226DD4B2076EC0600F4BEFD /* SWRevealViewController.h */ = {isa = PBXFileReference; fileEncoding = 4; lastKnownFileType = sourcecode.c.h; path = SWRevealViewController.h; sourceTree = "<group>"; };
		5226DD4C2076EC0700F4BEFD /* SWRevealViewController.m */ = {isa = PBXFileReference; fileEncoding = 4; lastKnownFileType = sourcecode.c.objc; path = SWRevealViewController.m; sourceTree = "<group>"; };
		526BF24B20449FBD0052BC19 /* Hotpot.app */ = {isa = PBXFileReference; explicitFileType = wrapper.application; includeInIndex = 0; path = Hotpot.app; sourceTree = BUILT_PRODUCTS_DIR; };
		526BF24E20449FBD0052BC19 /* AppDelegate.swift */ = {isa = PBXFileReference; lastKnownFileType = sourcecode.swift; path = AppDelegate.swift; sourceTree = "<group>"; };
		526BF25320449FBD0052BC19 /* Base */ = {isa = PBXFileReference; lastKnownFileType = file.storyboard; name = Base; path = Base.lproj/Main.storyboard; sourceTree = "<group>"; };
		526BF25520449FBD0052BC19 /* Assets.xcassets */ = {isa = PBXFileReference; lastKnownFileType = folder.assetcatalog; path = Assets.xcassets; sourceTree = "<group>"; };
		526BF25820449FBD0052BC19 /* Base */ = {isa = PBXFileReference; lastKnownFileType = file.storyboard; name = Base; path = Base.lproj/LaunchScreen.storyboard; sourceTree = "<group>"; };
		526BF25A20449FBD0052BC19 /* Info.plist */ = {isa = PBXFileReference; lastKnownFileType = text.plist.xml; path = Info.plist; sourceTree = "<group>"; };
		526BF25F20449FBE0052BC19 /* HotpotTests.xctest */ = {isa = PBXFileReference; explicitFileType = wrapper.cfbundle; includeInIndex = 0; path = HotpotTests.xctest; sourceTree = BUILT_PRODUCTS_DIR; };
		526BF26320449FBE0052BC19 /* HotpotTests.swift */ = {isa = PBXFileReference; lastKnownFileType = sourcecode.swift; path = HotpotTests.swift; sourceTree = "<group>"; };
		526BF26520449FBE0052BC19 /* Info.plist */ = {isa = PBXFileReference; lastKnownFileType = text.plist.xml; path = Info.plist; sourceTree = "<group>"; };
		6CBBEFA463EC4D7A4D9CDD71 /* Pods_Hotpot.framework */ = {isa = PBXFileReference; explicitFileType = wrapper.framework; includeInIndex = 0; path = Pods_Hotpot.framework; sourceTree = BUILT_PRODUCTS_DIR; };
		796A62D2205F47930003B5E9 /* PopOverViewController.swift */ = {isa = PBXFileReference; lastKnownFileType = sourcecode.swift; path = PopOverViewController.swift; sourceTree = "<group>"; };
		79734A272072B6CE003A5C5E /* Model.xcdatamodel */ = {isa = PBXFileReference; lastKnownFileType = wrapper.xcdatamodel; path = Model.xcdatamodel; sourceTree = "<group>"; };
		79734A292072BCC7003A5C5E /* AddNotesViewController.swift */ = {isa = PBXFileReference; lastKnownFileType = sourcecode.swift; path = AddNotesViewController.swift; sourceTree = "<group>"; };
		79734A2F2075A189003A5C5E /* ViewController.swift */ = {isa = PBXFileReference; lastKnownFileType = sourcecode.swift; path = ViewController.swift; sourceTree = "<group>"; };
		79734A312075A236003A5C5E /* Hotpot-Bridging-Header.h */ = {isa = PBXFileReference; lastKnownFileType = sourcecode.c.h; path = "Hotpot-Bridging-Header.h"; sourceTree = "<group>"; };
		79734A322075B13C003A5C5E /* CoreDataHandler.swift */ = {isa = PBXFileReference; lastKnownFileType = sourcecode.swift; path = CoreDataHandler.swift; sourceTree = "<group>"; };
		ACBC994C4E264629DFF5A488 /* Pods-HotpotTests.release.xcconfig */ = {isa = PBXFileReference; includeInIndex = 1; lastKnownFileType = text.xcconfig; name = "Pods-HotpotTests.release.xcconfig"; path = "Pods/Target Support Files/Pods-HotpotTests/Pods-HotpotTests.release.xcconfig"; sourceTree = "<group>"; };
		DBC7921D7DE8FC509538F875 /* Pods_HotpotTests.framework */ = {isa = PBXFileReference; explicitFileType = wrapper.framework; includeInIndex = 0; path = Pods_HotpotTests.framework; sourceTree = BUILT_PRODUCTS_DIR; };
		E47110F6C8237814B66E3F11 /* Pods-HotpotTests.debug.xcconfig */ = {isa = PBXFileReference; includeInIndex = 1; lastKnownFileType = text.xcconfig; name = "Pods-HotpotTests.debug.xcconfig"; path = "Pods/Target Support Files/Pods-HotpotTests/Pods-HotpotTests.debug.xcconfig"; sourceTree = "<group>"; };
		F50130AE205EDBB100CF7350 /* rawpixel-com-570908-unsplash.jpg */ = {isa = PBXFileReference; lastKnownFileType = image.jpeg; path = "rawpixel-com-570908-unsplash.jpg"; sourceTree = "<group>"; };
/* End PBXFileReference section */

/* Begin PBXFrameworksBuildPhase section */
		526BF24820449FBD0052BC19 /* Frameworks */ = {
			isa = PBXFrameworksBuildPhase;
			buildActionMask = 2147483647;
			files = (
				D1D1BCD8DB1100B83CE516D3 /* Pods_Hotpot.framework in Frameworks */,
			);
			runOnlyForDeploymentPostprocessing = 0;
		};
		526BF25C20449FBE0052BC19 /* Frameworks */ = {
			isa = PBXFrameworksBuildPhase;
			buildActionMask = 2147483647;
			files = (
				12CBE1DABF36DC366DBDB359 /* Pods_HotpotTests.framework in Frameworks */,
			);
			runOnlyForDeploymentPostprocessing = 0;
		};
/* End PBXFrameworksBuildPhase section */

/* Begin PBXGroup section */
		41A46082239B2EE64980A0C7 /* Frameworks */ = {
			isa = PBXGroup;
			children = (
				6CBBEFA463EC4D7A4D9CDD71 /* Pods_Hotpot.framework */,
				DBC7921D7DE8FC509538F875 /* Pods_HotpotTests.framework */,
			);
			name = Frameworks;
			sourceTree = "<group>";
		};
		526BF24220449FBD0052BC19 = {
			isa = PBXGroup;
			children = (
				79734A292072BCC7003A5C5E /* AddNotesViewController.swift */,
				796A62D2205F47930003B5E9 /* PopOverViewController.swift */,
				526BF24D20449FBD0052BC19 /* Hotpot */,
				526BF26220449FBE0052BC19 /* HotpotTests */,
				526BF24C20449FBD0052BC19 /* Products */,
				87E8D3764FAC953B5B97B6BD /* Pods */,
				41A46082239B2EE64980A0C7 /* Frameworks */,
				79734A2E2075A004003A5C5E /* Recovered References */,
			);
			sourceTree = "<group>";
		};
		526BF24C20449FBD0052BC19 /* Products */ = {
			isa = PBXGroup;
			children = (
				526BF24B20449FBD0052BC19 /* Hotpot.app */,
				526BF25F20449FBE0052BC19 /* HotpotTests.xctest */,
			);
			name = Products;
			sourceTree = "<group>";
		};
		526BF24D20449FBD0052BC19 /* Hotpot */ = {
			isa = PBXGroup;
			children = (
				526BF24E20449FBD0052BC19 /* AppDelegate.swift */,
				526BF25220449FBD0052BC19 /* Main.storyboard */,
				5226DD4B2076EC0600F4BEFD /* SWRevealViewController.h */,
				5226DD4C2076EC0700F4BEFD /* SWRevealViewController.m */,
				526BF25520449FBD0052BC19 /* Assets.xcassets */,
				F50130AE205EDBB100CF7350 /* rawpixel-com-570908-unsplash.jpg */,
				526BF25720449FBD0052BC19 /* LaunchScreen.storyboard */,
				526BF25A20449FBD0052BC19 /* Info.plist */,
				79734A262072B6CE003A5C5E /* Model.xcdatamodeld */,
				79734A2F2075A189003A5C5E /* ViewController.swift */,
				79734A312075A236003A5C5E /* Hotpot-Bridging-Header.h */,
				79734A322075B13C003A5C5E /* CoreDataHandler.swift */,
			);
			path = Hotpot;
			sourceTree = "<group>";
		};
		526BF26220449FBE0052BC19 /* HotpotTests */ = {
			isa = PBXGroup;
			children = (
				526BF26320449FBE0052BC19 /* HotpotTests.swift */,
				526BF26520449FBE0052BC19 /* Info.plist */,
			);
			path = HotpotTests;
			sourceTree = "<group>";
		};
		79734A2E2075A004003A5C5E /* Recovered References */ = {
			isa = PBXGroup;
			children = (
			);
			name = "Recovered References";
			sourceTree = "<group>";
		};
		87E8D3764FAC953B5B97B6BD /* Pods */ = {
			isa = PBXGroup;
			children = (
				4AD32A8A3233353F0BBF8F58 /* Pods-Hotpot.debug.xcconfig */,
				05CA77A5B7781D982A2044BC /* Pods-Hotpot.release.xcconfig */,
				E47110F6C8237814B66E3F11 /* Pods-HotpotTests.debug.xcconfig */,
				ACBC994C4E264629DFF5A488 /* Pods-HotpotTests.release.xcconfig */,
			);
			name = Pods;
			sourceTree = "<group>";
		};
/* End PBXGroup section */

/* Begin PBXNativeTarget section */
		526BF24A20449FBD0052BC19 /* Hotpot */ = {
			isa = PBXNativeTarget;
			buildConfigurationList = 526BF26820449FBE0052BC19 /* Build configuration list for PBXNativeTarget "Hotpot" */;
			buildPhases = (
				3D8B63E931D0F91DF377ABE5 /* [CP] Check Pods Manifest.lock */,
				526BF24720449FBD0052BC19 /* Sources */,
				526BF24820449FBD0052BC19 /* Frameworks */,
				526BF24920449FBD0052BC19 /* Resources */,
				3FE5250859E256F41C08B1C6 /* [CP] Embed Pods Frameworks */,
				08DC833340DDDED2AC12DD05 /* [CP] Copy Pods Resources */,
			);
			buildRules = (
			);
			dependencies = (
			);
			name = Hotpot;
			productName = Hotpot;
			productReference = 526BF24B20449FBD0052BC19 /* Hotpot.app */;
			productType = "com.apple.product-type.application";
		};
		526BF25E20449FBE0052BC19 /* HotpotTests */ = {
			isa = PBXNativeTarget;
			buildConfigurationList = 526BF26B20449FBE0052BC19 /* Build configuration list for PBXNativeTarget "HotpotTests" */;
			buildPhases = (
				5997938A7F24919430DBC069 /* [CP] Check Pods Manifest.lock */,
				526BF25B20449FBE0052BC19 /* Sources */,
				526BF25C20449FBE0052BC19 /* Frameworks */,
				526BF25D20449FBE0052BC19 /* Resources */,
				D00B4DB0FE9862A26D77E09D /* [CP] Embed Pods Frameworks */,
				174BAF5959BAF37F5E2388CF /* [CP] Copy Pods Resources */,
			);
			buildRules = (
			);
			dependencies = (
				526BF26120449FBE0052BC19 /* PBXTargetDependency */,
			);
			name = HotpotTests;
			productName = HotpotTests;
			productReference = 526BF25F20449FBE0052BC19 /* HotpotTests.xctest */;
			productType = "com.apple.product-type.bundle.unit-test";
		};
/* End PBXNativeTarget section */

/* Begin PBXProject section */
		526BF24320449FBD0052BC19 /* Project object */ = {
			isa = PBXProject;
			attributes = {
				LastSwiftUpdateCheck = 0920;
				LastUpgradeCheck = 0920;
				ORGANIZATIONNAME = "Jingyan Dong";
				TargetAttributes = {
					526BF24A20449FBD0052BC19 = {
						CreatedOnToolsVersion = 9.2;
						LastSwiftMigration = 0920;
						ProvisioningStyle = Automatic;
					};
					526BF25E20449FBE0052BC19 = {
						CreatedOnToolsVersion = 9.2;
						ProvisioningStyle = Automatic;
						TestTargetID = 526BF24A20449FBD0052BC19;
					};
				};
			};
			buildConfigurationList = 526BF24620449FBD0052BC19 /* Build configuration list for PBXProject "Hotpot" */;
			compatibilityVersion = "Xcode 8.0";
			developmentRegion = en;
			hasScannedForEncodings = 0;
			knownRegions = (
				en,
				Base,
			);
			mainGroup = 526BF24220449FBD0052BC19;
			productRefGroup = 526BF24C20449FBD0052BC19 /* Products */;
			projectDirPath = "";
			projectRoot = "";
			targets = (
				526BF24A20449FBD0052BC19 /* Hotpot */,
				526BF25E20449FBE0052BC19 /* HotpotTests */,
			);
		};
/* End PBXProject section */

/* Begin PBXResourcesBuildPhase section */
		526BF24920449FBD0052BC19 /* Resources */ = {
			isa = PBXResourcesBuildPhase;
			buildActionMask = 2147483647;
			files = (
				52BC1B90205EF24B00EAAA15 /* rawpixel-com-570908-unsplash.jpg in Resources */,
				526BF25920449FBD0052BC19 /* LaunchScreen.storyboard in Resources */,
				526BF25620449FBD0052BC19 /* Assets.xcassets in Resources */,
				526BF25420449FBD0052BC19 /* Main.storyboard in Resources */,
			);
			runOnlyForDeploymentPostprocessing = 0;
		};
		526BF25D20449FBE0052BC19 /* Resources */ = {
			isa = PBXResourcesBuildPhase;
			buildActionMask = 2147483647;
			files = (
			);
			runOnlyForDeploymentPostprocessing = 0;
		};
/* End PBXResourcesBuildPhase section */

/* Begin PBXShellScriptBuildPhase section */
		08DC833340DDDED2AC12DD05 /* [CP] Copy Pods Resources */ = {
			isa = PBXShellScriptBuildPhase;
			buildActionMask = 2147483647;
			files = (
			);
			inputPaths = (
			);
			name = "[CP] Copy Pods Resources";
			outputPaths = (
			);
			runOnlyForDeploymentPostprocessing = 0;
			shellPath = /bin/sh;
			shellScript = "\"${SRCROOT}/Pods/Target Support Files/Pods-Hotpot/Pods-Hotpot-resources.sh\"\n";
			showEnvVarsInLog = 0;
		};
		174BAF5959BAF37F5E2388CF /* [CP] Copy Pods Resources */ = {
			isa = PBXShellScriptBuildPhase;
			buildActionMask = 2147483647;
			files = (
			);
			inputPaths = (
			);
			name = "[CP] Copy Pods Resources";
			outputPaths = (
			);
			runOnlyForDeploymentPostprocessing = 0;
			shellPath = /bin/sh;
			shellScript = "\"${SRCROOT}/Pods/Target Support Files/Pods-HotpotTests/Pods-HotpotTests-resources.sh\"\n";
			showEnvVarsInLog = 0;
		};
		3D8B63E931D0F91DF377ABE5 /* [CP] Check Pods Manifest.lock */ = {
			isa = PBXShellScriptBuildPhase;
			buildActionMask = 2147483647;
			files = (
			);
			inputPaths = (
				"${PODS_PODFILE_DIR_PATH}/Podfile.lock",
				"${PODS_ROOT}/Manifest.lock",
			);
			name = "[CP] Check Pods Manifest.lock";
			outputPaths = (
				"$(DERIVED_FILE_DIR)/Pods-Hotpot-checkManifestLockResult.txt",
			);
			runOnlyForDeploymentPostprocessing = 0;
			shellPath = /bin/sh;
			shellScript = "diff \"${PODS_PODFILE_DIR_PATH}/Podfile.lock\" \"${PODS_ROOT}/Manifest.lock\" > /dev/null\nif [ $? != 0 ] ; then\n    # print error to STDERR\n    echo \"error: The sandbox is not in sync with the Podfile.lock. Run 'pod install' or update your CocoaPods installation.\" >&2\n    exit 1\nfi\n# This output is used by Xcode 'outputs' to avoid re-running this script phase.\necho \"SUCCESS\" > \"${SCRIPT_OUTPUT_FILE_0}\"\n";
			showEnvVarsInLog = 0;
		};
		3FE5250859E256F41C08B1C6 /* [CP] Embed Pods Frameworks */ = {
			isa = PBXShellScriptBuildPhase;
			buildActionMask = 2147483647;
			files = (
			);
			inputPaths = (
			);
			name = "[CP] Embed Pods Frameworks";
			outputPaths = (
			);
			runOnlyForDeploymentPostprocessing = 0;
			shellPath = /bin/sh;
			shellScript = "\"${SRCROOT}/Pods/Target Support Files/Pods-Hotpot/Pods-Hotpot-frameworks.sh\"\n";
			showEnvVarsInLog = 0;
		};
		5997938A7F24919430DBC069 /* [CP] Check Pods Manifest.lock */ = {
			isa = PBXShellScriptBuildPhase;
			buildActionMask = 2147483647;
			files = (
			);
			inputPaths = (
				"${PODS_PODFILE_DIR_PATH}/Podfile.lock",
				"${PODS_ROOT}/Manifest.lock",
			);
			name = "[CP] Check Pods Manifest.lock";
			outputPaths = (
				"$(DERIVED_FILE_DIR)/Pods-HotpotTests-checkManifestLockResult.txt",
			);
			runOnlyForDeploymentPostprocessing = 0;
			shellPath = /bin/sh;
			shellScript = "diff \"${PODS_PODFILE_DIR_PATH}/Podfile.lock\" \"${PODS_ROOT}/Manifest.lock\" > /dev/null\nif [ $? != 0 ] ; then\n    # print error to STDERR\n    echo \"error: The sandbox is not in sync with the Podfile.lock. Run 'pod install' or update your CocoaPods installation.\" >&2\n    exit 1\nfi\n# This output is used by Xcode 'outputs' to avoid re-running this script phase.\necho \"SUCCESS\" > \"${SCRIPT_OUTPUT_FILE_0}\"\n";
			showEnvVarsInLog = 0;
		};
		D00B4DB0FE9862A26D77E09D /* [CP] Embed Pods Frameworks */ = {
			isa = PBXShellScriptBuildPhase;
			buildActionMask = 2147483647;
			files = (
			);
			inputPaths = (
			);
			name = "[CP] Embed Pods Frameworks";
			outputPaths = (
			);
			runOnlyForDeploymentPostprocessing = 0;
			shellPath = /bin/sh;
			shellScript = "\"${SRCROOT}/Pods/Target Support Files/Pods-HotpotTests/Pods-HotpotTests-frameworks.sh\"\n";
			showEnvVarsInLog = 0;
		};
/* End PBXShellScriptBuildPhase section */

/* Begin PBXSourcesBuildPhase section */
		526BF24720449FBD0052BC19 /* Sources */ = {
			isa = PBXSourcesBuildPhase;
			buildActionMask = 2147483647;
			files = (
				5226DD4D2076EC0700F4BEFD /* SWRevealViewController.m in Sources */,
				79734A332075B13C003A5C5E /* CoreDataHandler.swift in Sources */,
				79734A2A2072BCC7003A5C5E /* AddNotesViewController.swift in Sources */,
				79734A2B2072BE91003A5C5E /* Model.xcdatamodeld in Sources */,
				526BF24F20449FBD0052BC19 /* AppDelegate.swift in Sources */,
				796A62D3205F47930003B5E9 /* PopOverViewController.swift in Sources */,
				79734A302075A189003A5C5E /* ViewController.swift in Sources */,
			);
			runOnlyForDeploymentPostprocessing = 0;
		};
		526BF25B20449FBE0052BC19 /* Sources */ = {
			isa = PBXSourcesBuildPhase;
			buildActionMask = 2147483647;
			files = (
				526BF26420449FBE0052BC19 /* HotpotTests.swift in Sources */,
			);
			runOnlyForDeploymentPostprocessing = 0;
		};
/* End PBXSourcesBuildPhase section */

/* Begin PBXTargetDependency section */
		526BF26120449FBE0052BC19 /* PBXTargetDependency */ = {
			isa = PBXTargetDependency;
			target = 526BF24A20449FBD0052BC19 /* Hotpot */;
			targetProxy = 526BF26020449FBE0052BC19 /* PBXContainerItemProxy */;
		};
/* End PBXTargetDependency section */

/* Begin PBXVariantGroup section */
		526BF25220449FBD0052BC19 /* Main.storyboard */ = {
			isa = PBXVariantGroup;
			children = (
				526BF25320449FBD0052BC19 /* Base */,
			);
			name = Main.storyboard;
			sourceTree = "<group>";
		};
		526BF25720449FBD0052BC19 /* LaunchScreen.storyboard */ = {
			isa = PBXVariantGroup;
			children = (
				526BF25820449FBD0052BC19 /* Base */,
			);
			name = LaunchScreen.storyboard;
			sourceTree = "<group>";
		};
/* End PBXVariantGroup section */

/* Begin XCBuildConfiguration section */
		526BF26620449FBE0052BC19 /* Debug */ = {
			isa = XCBuildConfiguration;
			buildSettings = {
				ALWAYS_SEARCH_USER_PATHS = NO;
				CLANG_ANALYZER_NONNULL = YES;
				CLANG_ANALYZER_NUMBER_OBJECT_CONVERSION = YES_AGGRESSIVE;
				CLANG_CXX_LANGUAGE_STANDARD = "gnu++14";
				CLANG_CXX_LIBRARY = "libc++";
				CLANG_ENABLE_MODULES = YES;
				CLANG_ENABLE_OBJC_ARC = YES;
				CLANG_WARN_BLOCK_CAPTURE_AUTORELEASING = YES;
				CLANG_WARN_BOOL_CONVERSION = YES;
				CLANG_WARN_COMMA = YES;
				CLANG_WARN_CONSTANT_CONVERSION = YES;
				CLANG_WARN_DIRECT_OBJC_ISA_USAGE = YES_ERROR;
				CLANG_WARN_DOCUMENTATION_COMMENTS = YES;
				CLANG_WARN_EMPTY_BODY = YES;
				CLANG_WARN_ENUM_CONVERSION = YES;
				CLANG_WARN_INFINITE_RECURSION = YES;
				CLANG_WARN_INT_CONVERSION = YES;
				CLANG_WARN_NON_LITERAL_NULL_CONVERSION = YES;
				CLANG_WARN_OBJC_LITERAL_CONVERSION = YES;
				CLANG_WARN_OBJC_ROOT_CLASS = YES_ERROR;
				CLANG_WARN_RANGE_LOOP_ANALYSIS = YES;
				CLANG_WARN_STRICT_PROTOTYPES = YES;
				CLANG_WARN_SUSPICIOUS_MOVE = YES;
				CLANG_WARN_UNGUARDED_AVAILABILITY = YES_AGGRESSIVE;
				CLANG_WARN_UNREACHABLE_CODE = YES;
				CLANG_WARN__DUPLICATE_METHOD_MATCH = YES;
				CODE_SIGN_IDENTITY = "iPhone Developer";
				COPY_PHASE_STRIP = NO;
				DEBUG_INFORMATION_FORMAT = dwarf;
				ENABLE_STRICT_OBJC_MSGSEND = YES;
				ENABLE_TESTABILITY = YES;
				GCC_C_LANGUAGE_STANDARD = gnu11;
				GCC_DYNAMIC_NO_PIC = NO;
				GCC_NO_COMMON_BLOCKS = YES;
				GCC_OPTIMIZATION_LEVEL = 0;
				GCC_PREPROCESSOR_DEFINITIONS = (
					"DEBUG=1",
					"$(inherited)",
				);
				GCC_WARN_64_TO_32_BIT_CONVERSION = YES;
				GCC_WARN_ABOUT_RETURN_TYPE = YES_ERROR;
				GCC_WARN_UNDECLARED_SELECTOR = YES;
				GCC_WARN_UNINITIALIZED_AUTOS = YES_AGGRESSIVE;
				GCC_WARN_UNUSED_FUNCTION = YES;
				GCC_WARN_UNUSED_VARIABLE = YES;
				IPHONEOS_DEPLOYMENT_TARGET = 11.2;
				MTL_ENABLE_DEBUG_INFO = YES;
				ONLY_ACTIVE_ARCH = YES;
				SDKROOT = iphoneos;
				SWIFT_ACTIVE_COMPILATION_CONDITIONS = DEBUG;
				SWIFT_OPTIMIZATION_LEVEL = "-Onone";
			};
			name = Debug;
		};
		526BF26720449FBE0052BC19 /* Release */ = {
			isa = XCBuildConfiguration;
			buildSettings = {
				ALWAYS_SEARCH_USER_PATHS = NO;
				CLANG_ANALYZER_NONNULL = YES;
				CLANG_ANALYZER_NUMBER_OBJECT_CONVERSION = YES_AGGRESSIVE;
				CLANG_CXX_LANGUAGE_STANDARD = "gnu++14";
				CLANG_CXX_LIBRARY = "libc++";
				CLANG_ENABLE_MODULES = YES;
				CLANG_ENABLE_OBJC_ARC = YES;
				CLANG_WARN_BLOCK_CAPTURE_AUTORELEASING = YES;
				CLANG_WARN_BOOL_CONVERSION = YES;
				CLANG_WARN_COMMA = YES;
				CLANG_WARN_CONSTANT_CONVERSION = YES;
				CLANG_WARN_DIRECT_OBJC_ISA_USAGE = YES_ERROR;
				CLANG_WARN_DOCUMENTATION_COMMENTS = YES;
				CLANG_WARN_EMPTY_BODY = YES;
				CLANG_WARN_ENUM_CONVERSION = YES;
				CLANG_WARN_INFINITE_RECURSION = YES;
				CLANG_WARN_INT_CONVERSION = YES;
				CLANG_WARN_NON_LITERAL_NULL_CONVERSION = YES;
				CLANG_WARN_OBJC_LITERAL_CONVERSION = YES;
				CLANG_WARN_OBJC_ROOT_CLASS = YES_ERROR;
				CLANG_WARN_RANGE_LOOP_ANALYSIS = YES;
				CLANG_WARN_STRICT_PROTOTYPES = YES;
				CLANG_WARN_SUSPICIOUS_MOVE = YES;
				CLANG_WARN_UNGUARDED_AVAILABILITY = YES_AGGRESSIVE;
				CLANG_WARN_UNREACHABLE_CODE = YES;
				CLANG_WARN__DUPLICATE_METHOD_MATCH = YES;
				CODE_SIGN_IDENTITY = "iPhone Developer";
				COPY_PHASE_STRIP = NO;
				DEBUG_INFORMATION_FORMAT = "dwarf-with-dsym";
				ENABLE_NS_ASSERTIONS = NO;
				ENABLE_STRICT_OBJC_MSGSEND = YES;
				GCC_C_LANGUAGE_STANDARD = gnu11;
				GCC_NO_COMMON_BLOCKS = YES;
				GCC_WARN_64_TO_32_BIT_CONVERSION = YES;
				GCC_WARN_ABOUT_RETURN_TYPE = YES_ERROR;
				GCC_WARN_UNDECLARED_SELECTOR = YES;
				GCC_WARN_UNINITIALIZED_AUTOS = YES_AGGRESSIVE;
				GCC_WARN_UNUSED_FUNCTION = YES;
				GCC_WARN_UNUSED_VARIABLE = YES;
				IPHONEOS_DEPLOYMENT_TARGET = 11.2;
				MTL_ENABLE_DEBUG_INFO = NO;
				SDKROOT = iphoneos;
				SWIFT_OPTIMIZATION_LEVEL = "-Owholemodule";
				VALIDATE_PRODUCT = YES;
			};
			name = Release;
		};
		526BF26920449FBE0052BC19 /* Debug */ = {
			isa = XCBuildConfiguration;
			baseConfigurationReference = 4AD32A8A3233353F0BBF8F58 /* Pods-Hotpot.debug.xcconfig */;
			buildSettings = {
				ASSETCATALOG_COMPILER_APPICON_NAME = AppIcon;
				CLANG_ENABLE_MODULES = YES;
				CODE_SIGN_STYLE = Automatic;
				INFOPLIST_FILE = Hotpot/Info.plist;
				LD_RUNPATH_SEARCH_PATHS = "$(inherited) @executable_path/Frameworks";
				PRODUCT_BUNDLE_IDENTIFIER = com.example.Hotpot;
				PRODUCT_NAME = "$(TARGET_NAME)";
				SWIFT_OBJC_BRIDGING_HEADER = "Hotpot/Hotpot-Bridging-Header.h";
				SWIFT_OPTIMIZATION_LEVEL = "-Onone";
				SWIFT_VERSION = 4.0;
				TARGETED_DEVICE_FAMILY = "1,2";
			};
			name = Debug;
		};
		526BF26A20449FBE0052BC19 /* Release */ = {
			isa = XCBuildConfiguration;
			baseConfigurationReference = 05CA77A5B7781D982A2044BC /* Pods-Hotpot.release.xcconfig */;
			buildSettings = {
				ASSETCATALOG_COMPILER_APPICON_NAME = AppIcon;
				CLANG_ENABLE_MODULES = YES;
				CODE_SIGN_STYLE = Automatic;
				INFOPLIST_FILE = Hotpot/Info.plist;
				LD_RUNPATH_SEARCH_PATHS = "$(inherited) @executable_path/Frameworks";
				PRODUCT_BUNDLE_IDENTIFIER = com.example.Hotpot;
				PRODUCT_NAME = "$(TARGET_NAME)";
				SWIFT_OBJC_BRIDGING_HEADER = "Hotpot/Hotpot-Bridging-Header.h";
				SWIFT_VERSION = 4.0;
				TARGETED_DEVICE_FAMILY = "1,2";
			};
			name = Release;
		};
		526BF26C20449FBE0052BC19 /* Debug */ = {
			isa = XCBuildConfiguration;
			baseConfigurationReference = E47110F6C8237814B66E3F11 /* Pods-HotpotTests.debug.xcconfig */;
			buildSettings = {
				ALWAYS_EMBED_SWIFT_STANDARD_LIBRARIES = YES;
				BUNDLE_LOADER = "$(TEST_HOST)";
				CODE_SIGN_STYLE = Automatic;
				INFOPLIST_FILE = HotpotTests/Info.plist;
				LD_RUNPATH_SEARCH_PATHS = "$(inherited) @executable_path/Frameworks @loader_path/Frameworks";
				PRODUCT_BUNDLE_IDENTIFIER = com.example.HotpotTests;
				PRODUCT_NAME = "$(TARGET_NAME)";
				SWIFT_VERSION = 4.0;
				TARGETED_DEVICE_FAMILY = "1,2";
				TEST_HOST = "$(BUILT_PRODUCTS_DIR)/Hotpot.app/Hotpot";
			};
			name = Debug;
		};
		526BF26D20449FBE0052BC19 /* Release */ = {
			isa = XCBuildConfiguration;
			baseConfigurationReference = ACBC994C4E264629DFF5A488 /* Pods-HotpotTests.release.xcconfig */;
			buildSettings = {
				ALWAYS_EMBED_SWIFT_STANDARD_LIBRARIES = YES;
				BUNDLE_LOADER = "$(TEST_HOST)";
				CODE_SIGN_STYLE = Automatic;
				INFOPLIST_FILE = HotpotTests/Info.plist;
				LD_RUNPATH_SEARCH_PATHS = "$(inherited) @executable_path/Frameworks @loader_path/Frameworks";
				PRODUCT_BUNDLE_IDENTIFIER = com.example.HotpotTests;
				PRODUCT_NAME = "$(TARGET_NAME)";
				SWIFT_VERSION = 4.0;
				TARGETED_DEVICE_FAMILY = "1,2";
				TEST_HOST = "$(BUILT_PRODUCTS_DIR)/Hotpot.app/Hotpot";
			};
			name = Release;
		};
/* End XCBuildConfiguration section */

/* Begin XCConfigurationList section */
		526BF24620449FBD0052BC19 /* Build configuration list for PBXProject "Hotpot" */ = {
			isa = XCConfigurationList;
			buildConfigurations = (
				526BF26620449FBE0052BC19 /* Debug */,
				526BF26720449FBE0052BC19 /* Release */,
			);
			defaultConfigurationIsVisible = 0;
			defaultConfigurationName = Release;
		};
		526BF26820449FBE0052BC19 /* Build configuration list for PBXNativeTarget "Hotpot" */ = {
			isa = XCConfigurationList;
			buildConfigurations = (
				526BF26920449FBE0052BC19 /* Debug */,
				526BF26A20449FBE0052BC19 /* Release */,
			);
			defaultConfigurationIsVisible = 0;
			defaultConfigurationName = Release;
		};
		526BF26B20449FBE0052BC19 /* Build configuration list for PBXNativeTarget "HotpotTests" */ = {
			isa = XCConfigurationList;
			buildConfigurations = (
				526BF26C20449FBE0052BC19 /* Debug */,
				526BF26D20449FBE0052BC19 /* Release */,
			);
			defaultConfigurationIsVisible = 0;
			defaultConfigurationName = Release;
		};
/* End XCConfigurationList section */

/* Begin XCVersionGroup section */
		79734A262072B6CE003A5C5E /* Model.xcdatamodeld */ = {
			isa = XCVersionGroup;
			children = (
				79734A272072B6CE003A5C5E /* Model.xcdatamodel */,
			);
			currentVersion = 79734A272072B6CE003A5C5E /* Model.xcdatamodel */;
			path = Model.xcdatamodeld;
			sourceTree = "<group>";
			versionGroupType = wrapper.xcdatamodel;
		};
/* End XCVersionGroup section */
	};
	rootObject = 526BF24320449FBD0052BC19 /* Project object */;
}
